PODS:
  - Alamofire (4.9.0)
  - GoogleMaps (5.1.0):
    - GoogleMaps/Maps (= 5.1.0)
  - GoogleMaps/Base (5.1.0)
  - GoogleMaps/Maps (5.1.0):
    - GoogleMaps/Base
  - ImageLoader (0.15.0)
  - IQKeyboardManagerSwift (6.5.6)

DEPENDENCIES:
  - Alamofire (= 4.9.0)
  - GoogleMaps (= 5.1.0)
  - ImageLoader
  - IQKeyboardManagerSwift

SPEC REPOS:
  trunk:
    - Alamofire
    - GoogleMaps
    - ImageLoader
    - IQKeyboardManagerSwift

SPEC CHECKSUMS:
  Alamofire: afc3e7c6db61476cb45cdd23fed06bad03bbc321
  GoogleMaps: 086ae1dab659eaa7339bdb30fc88e2f44e7c597c
  ImageLoader: e0635d52020d64dc7687e3a3b14dc53212ac0442
  IQKeyboardManagerSwift: c7df9d2deb356c04522f5c4b7b6e4ce4d8ed94fe

PODFILE CHECKSUM: 35c28411e7058a68b7d1a70c43c27d2b5b5e3f9b

COCOAPODS: 1.8.4
