PODS:
  - Alamofire (4.9.0)
  - ImageLoader (0.15.0)
  - IQKeyboardManagerSwift (6.5.6)

DEPENDENCIES:
  - Alamofire (= 4.9.0)
  - ImageLoader
  - IQKeyboardManagerSwift

SPEC REPOS:
  https://github.com/cocoapods/specs.git:
    - Alamofire
    - ImageLoader
    - IQKeyboardManagerSwift

SPEC CHECKSUMS:
  Alamofire: afc3e7c6db61476cb45cdd23fed06bad03bbc321
  ImageLoader: e0635d52020d64dc7687e3a3b14dc53212ac0442
  IQKeyboardManagerSwift: c7df9d2deb356c04522f5c4b7b6e4ce4d8ed94fe

PODFILE CHECKSUM: f914d4935aceaedc18438285504765d6842288b4

COCOAPODS: 1.7.5
